
Microsoft Visual Studio Solution File, Format Version 12.00
# Visual Studio Version 16
VisualStudioVersion = 16.0.30001.183
MinimumVisualStudioVersion = 10.0.40219.1
Project("{9A19103F-16F7-4668-BE54-9A1E7A4F7556}") = "DesktopReplacer", "DesktopReplacer\DesktopReplacer.csproj", "{94650025-1372-457A-A7ED-E65A70BA2C7A}"
	ProjectSection(ProjectDependencies) = postProject
		{BFF2A50E-6F75-44DC-9B16-0738D3C526AC} = {BFF2A50E-6F75-44DC-9B16-0738D3C526AC}
		{329ABC3D-56ED-41AF-8835-094F14A00EA1} = {329ABC3D-56ED-41AF-8835-094F14A00EA1}
		{C9C2B75F-8AF3-4462-943B-878F4A3F0F5C} = {C9C2B75F-8AF3-4462-943B-878F4A3F0F5C}
		{370D2186-D884-425B-BF77-5C81E9150630} = {370D2186-D884-425B-BF77-5C81E9150630}
		{4510C9D2-0F43-424A-A71C-889A1CAE6B1B} = {4510C9D2-0F43-424A-A71C-889A1CAE6B1B}
	EndProjectSection
EndProject
Project("{9A19103F-16F7-4668-BE54-9A1E7A4F7556}") = "WidgetBase", "WidgetBase\WidgetBase.csproj", "{329ABC3D-56ED-41AF-8835-094F14A00EA1}"
EndProject
Project("{2150E333-8FDC-42A3-9474-1A3956D46DE8}") = "Widgets", "Widgets", "{8AECBA31-A459-4E89-8FC1-C0B9E21DD0E5}"
EndProject
Project("{9A19103F-16F7-4668-BE54-9A1E7A4F7556}") = "iTunes", "Widgets\iTunes\iTunes.csproj", "{370D2186-D884-425B-BF77-5C81E9150630}"
EndProject
Project("{9A19103F-16F7-4668-BE54-9A1E7A4F7556}") = "Essentials", "Widgets\Essentials\Essentials.csproj", "{C9C2B75F-8AF3-4462-943B-878F4A3F0F5C}"
	ProjectSection(ProjectDependencies) = postProject
		{BFF2A50E-6F75-44DC-9B16-0738D3C526AC} = {BFF2A50E-6F75-44DC-9B16-0738D3C526AC}
	EndProjectSection
EndProject
Project("{9A19103F-16F7-4668-BE54-9A1E7A4F7556}") = "Stocks", "Widgets\Stocks\Stocks.csproj", "{4510C9D2-0F43-424A-A71C-889A1CAE6B1B}"
EndProject
Project("{8BC9CEB8-8B4A-11D0-8D11-00A0C91BC942}") = "Native", "Widgets\Native\Native.vcxproj", "{BFF2A50E-6F75-44DC-9B16-0738D3C526AC}"
EndProject
Global
	GlobalSection(SolutionConfigurationPlatforms) = preSolution
		Debug|Any CPU = Debug|Any CPU
		Debug|x64 = Debug|x64
		Debug|x86 = Debug|x86
		Release|Any CPU = Release|Any CPU
		Release|x64 = Release|x64
		Release|x86 = Release|x86
	EndGlobalSection
	GlobalSection(ProjectConfigurationPlatforms) = postSolution
		{94650025-1372-457A-A7ED-E65A70BA2C7A}.Debug|Any CPU.ActiveCfg = Debug|Any CPU
		{94650025-1372-457A-A7ED-E65A70BA2C7A}.Debug|Any CPU.Build.0 = Debug|Any CPU
		{94650025-1372-457A-A7ED-E65A70BA2C7A}.Debug|x64.ActiveCfg = Debug|Any CPU
		{94650025-1372-457A-A7ED-E65A70BA2C7A}.Debug|x64.Build.0 = Debug|Any CPU
		{94650025-1372-457A-A7ED-E65A70BA2C7A}.Debug|x86.ActiveCfg = Debug|Any CPU
		{94650025-1372-457A-A7ED-E65A70BA2C7A}.Debug|x86.Build.0 = Debug|Any CPU
		{94650025-1372-457A-A7ED-E65A70BA2C7A}.Release|Any CPU.ActiveCfg = Release|Any CPU
		{94650025-1372-457A-A7ED-E65A70BA2C7A}.Release|Any CPU.Build.0 = Release|Any CPU
		{94650025-1372-457A-A7ED-E65A70BA2C7A}.Release|x64.ActiveCfg = Release|Any CPU
		{94650025-1372-457A-A7ED-E65A70BA2C7A}.Release|x64.Build.0 = Release|Any CPU
		{94650025-1372-457A-A7ED-E65A70BA2C7A}.Release|x86.ActiveCfg = Release|Any CPU
		{94650025-1372-457A-A7ED-E65A70BA2C7A}.Release|x86.Build.0 = Release|Any CPU
		{329ABC3D-56ED-41AF-8835-094F14A00EA1}.Debug|Any CPU.ActiveCfg = Debug|Any CPU
		{329ABC3D-56ED-41AF-8835-094F14A00EA1}.Debug|Any CPU.Build.0 = Debug|Any CPU
		{329ABC3D-56ED-41AF-8835-094F14A00EA1}.Debug|x64.ActiveCfg = Debug|Any CPU
		{329ABC3D-56ED-41AF-8835-094F14A00EA1}.Debug|x64.Build.0 = Debug|Any CPU
		{329ABC3D-56ED-41AF-8835-094F14A00EA1}.Debug|x86.ActiveCfg = Debug|Any CPU
		{329ABC3D-56ED-41AF-8835-094F14A00EA1}.Debug|x86.Build.0 = Debug|Any CPU
		{329ABC3D-56ED-41AF-8835-094F14A00EA1}.Release|Any CPU.ActiveCfg = Release|Any CPU
		{329ABC3D-56ED-41AF-8835-094F14A00EA1}.Release|Any CPU.Build.0 = Release|Any CPU
		{329ABC3D-56ED-41AF-8835-094F14A00EA1}.Release|x64.ActiveCfg = Release|Any CPU
		{329ABC3D-56ED-41AF-8835-094F14A00EA1}.Release|x64.Build.0 = Release|Any CPU
		{329ABC3D-56ED-41AF-8835-094F14A00EA1}.Release|x86.ActiveCfg = Release|Any CPU
		{329ABC3D-56ED-41AF-8835-094F14A00EA1}.Release|x86.Build.0 = Release|Any CPU
		{370D2186-D884-425B-BF77-5C81E9150630}.Debug|Any CPU.ActiveCfg = Debug|Any CPU
		{370D2186-D884-425B-BF77-5C81E9150630}.Debug|Any CPU.Build.0 = Debug|Any CPU
		{370D2186-D884-425B-BF77-5C81E9150630}.Debug|x64.ActiveCfg = Debug|Any CPU
		{370D2186-D884-425B-BF77-5C81E9150630}.Debug|x64.Build.0 = Debug|Any CPU
		{370D2186-D884-425B-BF77-5C81E9150630}.Debug|x86.ActiveCfg = Debug|Any CPU
		{370D2186-D884-425B-BF77-5C81E9150630}.Debug|x86.Build.0 = Debug|Any CPU
		{370D2186-D884-425B-BF77-5C81E9150630}.Release|Any CPU.ActiveCfg = Release|Any CPU
		{370D2186-D884-425B-BF77-5C81E9150630}.Release|Any CPU.Build.0 = Release|Any CPU
		{370D2186-D884-425B-BF77-5C81E9150630}.Release|x64.ActiveCfg = Release|Any CPU
		{370D2186-D884-425B-BF77-5C81E9150630}.Release|x64.Build.0 = Release|Any CPU
		{370D2186-D884-425B-BF77-5C81E9150630}.Release|x86.ActiveCfg = Release|Any CPU
		{370D2186-D884-425B-BF77-5C81E9150630}.Release|x86.Build.0 = Release|Any CPU
		{C9C2B75F-8AF3-4462-943B-878F4A3F0F5C}.Debug|Any CPU.ActiveCfg = Debug|Any CPU
		{C9C2B75F-8AF3-4462-943B-878F4A3F0F5C}.Debug|Any CPU.Build.0 = Debug|Any CPU
		{C9C2B75F-8AF3-4462-943B-878F4A3F0F5C}.Debug|x64.ActiveCfg = Debug|Any CPU
		{C9C2B75F-8AF3-4462-943B-878F4A3F0F5C}.Debug|x64.Build.0 = Debug|Any CPU
		{C9C2B75F-8AF3-4462-943B-878F4A3F0F5C}.Debug|x86.ActiveCfg = Debug|Any CPU
		{C9C2B75F-8AF3-4462-943B-878F4A3F0F5C}.Debug|x86.Build.0 = Debug|Any CPU
		{C9C2B75F-8AF3-4462-943B-878F4A3F0F5C}.Release|Any CPU.ActiveCfg = Release|Any CPU
		{C9C2B75F-8AF3-4462-943B-878F4A3F0F5C}.Release|Any CPU.Build.0 = Release|Any CPU
		{C9C2B75F-8AF3-4462-943B-878F4A3F0F5C}.Release|x64.ActiveCfg = Release|Any CPU
		{C9C2B75F-8AF3-4462-943B-878F4A3F0F5C}.Release|x64.Build.0 = Release|Any CPU
		{C9C2B75F-8AF3-4462-943B-878F4A3F0F5C}.Release|x86.ActiveCfg = Release|Any CPU
		{C9C2B75F-8AF3-4462-943B-878F4A3F0F5C}.Release|x86.Build.0 = Release|Any CPU
		{4510C9D2-0F43-424A-A71C-889A1CAE6B1B}.Debug|Any CPU.ActiveCfg = Debug|Any CPU
		{4510C9D2-0F43-424A-A71C-889A1CAE6B1B}.Debug|Any CPU.Build.0 = Debug|Any CPU
		{4510C9D2-0F43-424A-A71C-889A1CAE6B1B}.Debug|x64.ActiveCfg = Debug|Any CPU
		{4510C9D2-0F43-424A-A71C-889A1CAE6B1B}.Debug|x64.Build.0 = Debug|Any CPU
		{4510C9D2-0F43-424A-A71C-889A1CAE6B1B}.Debug|x86.ActiveCfg = Debug|Any CPU
		{4510C9D2-0F43-424A-A71C-889A1CAE6B1B}.Debug|x86.Build.0 = Debug|Any CPU
		{4510C9D2-0F43-424A-A71C-889A1CAE6B1B}.Release|Any CPU.ActiveCfg = Release|Any CPU
		{4510C9D2-0F43-424A-A71C-889A1CAE6B1B}.Release|Any CPU.Build.0 = Release|Any CPU
		{4510C9D2-0F43-424A-A71C-889A1CAE6B1B}.Release|x64.ActiveCfg = Release|Any CPU
		{4510C9D2-0F43-424A-A71C-889A1CAE6B1B}.Release|x64.Build.0 = Release|Any CPU
		{4510C9D2-0F43-424A-A71C-889A1CAE6B1B}.Release|x86.ActiveCfg = Release|Any CPU
		{4510C9D2-0F43-424A-A71C-889A1CAE6B1B}.Release|x86.Build.0 = Release|Any CPU
		{BFF2A50E-6F75-44DC-9B16-0738D3C526AC}.Debug|Any CPU.ActiveCfg = Debug|x64
		{BFF2A50E-6F75-44DC-9B16-0738D3C526AC}.Debug|x64.ActiveCfg = Debug|x64
		{BFF2A50E-6F75-44DC-9B16-0738D3C526AC}.Debug|x64.Build.0 = Debug|x64
		{BFF2A50E-6F75-44DC-9B16-0738D3C526AC}.Debug|x86.ActiveCfg = Debug|x64
		{BFF2A50E-6F75-44DC-9B16-0738D3C526AC}.Release|Any CPU.ActiveCfg = Release|x64
		{BFF2A50E-6F75-44DC-9B16-0738D3C526AC}.Release|x64.ActiveCfg = Release|x64
		{BFF2A50E-6F75-44DC-9B16-0738D3C526AC}.Release|x64.Build.0 = Release|x64
		{BFF2A50E-6F75-44DC-9B16-0738D3C526AC}.Release|x86.ActiveCfg = Release|x64
	EndGlobalSection
	GlobalSection(SolutionProperties) = preSolution
		HideSolutionNode = FALSE
	EndGlobalSection
	GlobalSection(NestedProjects) = preSolution
		{370D2186-D884-425B-BF77-5C81E9150630} = {8AECBA31-A459-4E89-8FC1-C0B9E21DD0E5}
		{C9C2B75F-8AF3-4462-943B-878F4A3F0F5C} = {8AECBA31-A459-4E89-8FC1-C0B9E21DD0E5}
		{4510C9D2-0F43-424A-A71C-889A1CAE6B1B} = {8AECBA31-A459-4E89-8FC1-C0B9E21DD0E5}
		{BFF2A50E-6F75-44DC-9B16-0738D3C526AC} = {8AECBA31-A459-4E89-8FC1-C0B9E21DD0E5}
	EndGlobalSection
	GlobalSection(ExtensibilityGlobals) = postSolution
		SolutionGuid = {BEF676EE-307A-495D-A53A-AC20B3DCBD9A}
	EndGlobalSection
EndGlobal
