<?xml version="1.0" encoding="utf-8"?>
<Project ToolsVersion="4.0" xmlns="http://schemas.microsoft.com/developer/msbuild/2003">
  <ItemGroup>
    <ClCompile Include="wmi.cpp" />
    <ClCompile Include="performance_monitor.cpp" />
  </ItemGroup>
  <ItemGroup>
    <ClInclude Include="wmi.hpp" />
    <ClInclude Include="wmiexception.hpp" />
    <ClInclude Include="wmiresult.hpp" />
    <ClInclude Include="native_interop.cpp" />
  </ItemGroup>
</Project>